
Microsoft Visual Studio Solution File, Format Version 12.00
# Visual Studio Version 17
VisualStudioVersion = 17.5.002.0
MinimumVisualStudioVersion = 10.0.40219.1
Project("{2150E333-8FDC-42A3-9474-1A3956D46DE8}") = "AlgorithmOptimization", "AlgorithmOptimization", "{3F93B80B-4F27-4228-AB4D-936752F9ABBD}"
EndProject
Project("{9A19103F-16F7-4668-BE54-9A1E7A4F7556}") = "originalApp", "AlgorithmOptimization\originalApp\originalApp.csproj", "{297DBE8A-E854-46F9-B347-70493CB53720}"
EndProject
Project("{2150E333-8FDC-42A3-9474-1A3956D46DE8}") = "LoopOptimization", "LoopOptimization", "{13439A0C-80B7-4BE1-AD6B-4ABDB428BB0E}"
EndProject
Project("{9A19103F-16F7-4668-BE54-9A1E7A4F7556}") = "MyNewApp", "LoopOptimization\MyNewApp\MyNewApp.csproj", "{DFBBEF82-80FB-4CD6-ABFE-4A540886A549}"
EndProject
Project("{9A19103F-16F7-4668-BE54-9A1E7A4F7556}") = "MyOptimizezdApp", "LoopOptimization\MyOptimizezdApp\MyOptimizezdApp.csproj", "{EDB2E9FD-C178-4D4E-A7F2-6373AC9F7C17}"
EndProject
Global
	GlobalSection(SolutionConfigurationPlatforms) = preSolution
		Debug|Any CPU = Debug|Any CPU
		Release|Any CPU = Release|Any CPU
	EndGlobalSection
	GlobalSection(ProjectConfigurationPlatforms) = postSolution
		{297DBE8A-E854-46F9-B347-70493CB53720}.Debug|Any CPU.ActiveCfg = Debug|Any CPU
		{297DBE8A-E854-46F9-B347-70493CB53720}.Debug|Any CPU.Build.0 = Debug|Any CPU
		{297DBE8A-E854-46F9-B347-70493CB53720}.Release|Any CPU.ActiveCfg = Release|Any CPU
		{297DBE8A-E854-46F9-B347-70493CB53720}.Release|Any CPU.Build.0 = Release|Any CPU
		{DFBBEF82-80FB-4CD6-ABFE-4A540886A549}.Debug|Any CPU.ActiveCfg = Debug|Any CPU
		{DFBBEF82-80FB-4CD6-ABFE-4A540886A549}.Debug|Any CPU.Build.0 = Debug|Any CPU
		{DFBBEF82-80FB-4CD6-ABFE-4A540886A549}.Release|Any CPU.ActiveCfg = Release|Any CPU
		{DFBBEF82-80FB-4CD6-ABFE-4A540886A549}.Release|Any CPU.Build.0 = Release|Any CPU
		{EDB2E9FD-C178-4D4E-A7F2-6373AC9F7C17}.Debug|Any CPU.ActiveCfg = Debug|Any CPU
		{EDB2E9FD-C178-4D4E-A7F2-6373AC9F7C17}.Debug|Any CPU.Build.0 = Debug|Any CPU
		{EDB2E9FD-C178-4D4E-A7F2-6373AC9F7C17}.Release|Any CPU.ActiveCfg = Release|Any CPU
		{EDB2E9FD-C178-4D4E-A7F2-6373AC9F7C17}.Release|Any CPU.Build.0 = Release|Any CPU
	EndGlobalSection
	GlobalSection(SolutionProperties) = preSolution
		HideSolutionNode = FALSE
	EndGlobalSection
	GlobalSection(NestedProjects) = preSolution
		{297DBE8A-E854-46F9-B347-70493CB53720} = {3F93B80B-4F27-4228-AB4D-936752F9ABBD}
		{DFBBEF82-80FB-4CD6-ABFE-4A540886A549} = {13439A0C-80B7-4BE1-AD6B-4ABDB428BB0E}
		{EDB2E9FD-C178-4D4E-A7F2-6373AC9F7C17} = {13439A0C-80B7-4BE1-AD6B-4ABDB428BB0E}
	EndGlobalSection
	GlobalSection(ExtensibilityGlobals) = postSolution
		SolutionGuid = {304BD16C-791E-4EE4-8593-4A0636D85035}
	EndGlobalSection
EndGlobal
